
Microsoft Visual Studio Solution File, Format Version 12.00
# Visual Studio 2012
Project("{FAE04EC0-301F-11D3-BF4B-00C04F79EFBC}") = "waterwars23.0", "waterwars23.0.csproj", "{03A1C0B5-165B-4004-8C58-EFDE142E9C44}"
EndProject
Global
	GlobalSection(SolutionConfigurationPlatforms) = preSolution
		Debug|Any CPU = Debug|Any CPU
		Release|Any CPU = Release|Any CPU
	EndGlobalSection
	GlobalSection(ProjectConfigurationPlatforms) = postSolution
		{03A1C0B5-165B-4004-8C58-EFDE142E9C44}.Debug|Any CPU.ActiveCfg = Debug|Any CPU
		{03A1C0B5-165B-4004-8C58-EFDE142E9C44}.Debug|Any CPU.Build.0 = Debug|Any CPU
		{03A1C0B5-165B-4004-8C58-EFDE142E9C44}.Release|Any CPU.ActiveCfg = Release|Any CPU
		{03A1C0B5-165B-4004-8C58-EFDE142E9C44}.Release|Any CPU.Build.0 = Release|Any CPU
	EndGlobalSection
	GlobalSection(SolutionProperties) = preSolution
		HideSolutionNode = FALSE
	EndGlobalSection
EndGlobal
